// !$*UTF8*$!
{
	archiveVersion = 1;
	classes = {
	};
	objectVersion = 56;
	objects = {

/* Begin PBXBuildFile section */
		84D107942B35D8A200E88FA4 /* UISliderRepresentation.swift in Sources */ = {isa = PBXBuildFile; fileRef = 84D107932B35D8A200E88FA4 /* UISliderRepresentation.swift */; };
		84D107982B35E43800E88FA4 /* Coordinator.swift in Sources */ = {isa = PBXBuildFile; fileRef = 84D107972B35E43800E88FA4 /* Coordinator.swift */; };
		84D1079B2B36BE5900E88FA4 /* Strings.swift in Sources */ = {isa = PBXBuildFile; fileRef = 84D1079A2B36BE5900E88FA4 /* Strings.swift */; };
		84D3B03B2B34D71800288B39 /* CheckMeApp.swift in Sources */ = {isa = PBXBuildFile; fileRef = 84D3B03A2B34D71800288B39 /* CheckMeApp.swift */; };
		84D3B03D2B34D71800288B39 /* ContentView.swift in Sources */ = {isa = PBXBuildFile; fileRef = 84D3B03C2B34D71800288B39 /* ContentView.swift */; };
		84D3B03F2B34D71900288B39 /* Assets.xcassets in Resources */ = {isa = PBXBuildFile; fileRef = 84D3B03E2B34D71900288B39 /* Assets.xcassets */; };
		84D3B0422B34D71900288B39 /* Preview Assets.xcassets in Resources */ = {isa = PBXBuildFile; fileRef = 84D3B0412B34D71900288B39 /* Preview Assets.xcassets */; };
/* End PBXBuildFile section */

/* Begin PBXFileReference section */
		84D1078B2B35C57F00E88FA4 /* UISliderRepresentation.swift */ = {isa = PBXFileReference; fileEncoding = 4; lastKnownFileType = sourcecode.swift; path = UISliderRepresentation.swift; sourceTree = "<group>"; };
		84D1078D2B35C58700E88FA4 /* UISliderRepresentation.swift */ = {isa = PBXFileReference; fileEncoding = 4; lastKnownFileType = sourcecode.swift; name = UISliderRepresentation.swift; path = ../../../../../../../.Trash/UISliderRepresentation.swift; sourceTree = "<group>"; };
		84D107932B35D8A200E88FA4 /* UISliderRepresentation.swift */ = {isa = PBXFileReference; lastKnownFileType = sourcecode.swift; path = UISliderRepresentation.swift; sourceTree = "<group>"; };
		84D107972B35E43800E88FA4 /* Coordinator.swift */ = {isa = PBXFileReference; lastKnownFileType = sourcecode.swift; path = Coordinator.swift; sourceTree = "<group>"; };
		84D1079A2B36BE5900E88FA4 /* Strings.swift */ = {isa = PBXFileReference; lastKnownFileType = sourcecode.swift; path = Strings.swift; sourceTree = "<group>"; };
		84D3B0372B34D71800288B39 /* CheckMe.app */ = {isa = PBXFileReference; explicitFileType = wrapper.application; includeInIndex = 0; path = CheckMe.app; sourceTree = BUILT_PRODUCTS_DIR; };
		84D3B03A2B34D71800288B39 /* CheckMeApp.swift */ = {isa = PBXFileReference; lastKnownFileType = sourcecode.swift; path = CheckMeApp.swift; sourceTree = "<group>"; };
		84D3B03C2B34D71800288B39 /* ContentView.swift */ = {isa = PBXFileReference; lastKnownFileType = sourcecode.swift; path = ContentView.swift; sourceTree = "<group>"; };
		84D3B03E2B34D71900288B39 /* Assets.xcassets */ = {isa = PBXFileReference; lastKnownFileType = folder.assetcatalog; path = Assets.xcassets; sourceTree = "<group>"; };
		84D3B0412B34D71900288B39 /* Preview Assets.xcassets */ = {isa = PBXFileReference; lastKnownFileType = folder.assetcatalog; path = "Preview Assets.xcassets"; sourceTree = "<group>"; };
/* End PBXFileReference section */

/* Begin PBXFrameworksBuildPhase section */
		84D3B0342B34D71800288B39 /* Frameworks */ = {
			isa = PBXFrameworksBuildPhase;
			buildActionMask = 2147483647;
			files = (
			);
			runOnlyForDeploymentPostprocessing = 0;
		};
/* End PBXFrameworksBuildPhase section */

/* Begin PBXGroup section */
		84690D392B357DF800D89275 /* App */ = {
			isa = PBXGroup;
			children = (
				84D3B03A2B34D71800288B39 /* CheckMeApp.swift */,
			);
			path = App;
			sourceTree = "<group>";
		};
		84690D3A2B357DFE00D89275 /* Components */ = {
			isa = PBXGroup;
			children = (
				84690D3B2B357E3500D89275 /* Slider */,
			);
			path = Components;
			sourceTree = "<group>";
		};
		84690D3B2B357E3500D89275 /* Slider */ = {
			isa = PBXGroup;
			children = (
				84D107932B35D8A200E88FA4 /* UISliderRepresentation.swift */,
				84D107972B35E43800E88FA4 /* Coordinator.swift */,
			);
			path = Slider;
			sourceTree = "<group>";
		};
		84690D3C2B357E6200D89275 /* Resources */ = {
			isa = PBXGroup;
			children = (
				84D3B03E2B34D71900288B39 /* Assets.xcassets */,
				84D1079A2B36BE5900E88FA4 /* Strings.swift */,
			);
			path = Resources;
			sourceTree = "<group>";
		};
		84690D3D2B357EA800D89275 /* Views */ = {
			isa = PBXGroup;
			children = (
				84D3B03C2B34D71800288B39 /* ContentView.swift */,
			);
			path = Views;
			sourceTree = "<group>";
		};
		84D3B02E2B34D71800288B39 = {
			isa = PBXGroup;
			children = (
				84D3B0392B34D71800288B39 /* CheckMe */,
				84D3B0382B34D71800288B39 /* Products */,
			);
			sourceTree = "<group>";
		};
		84D3B0382B34D71800288B39 /* Products */ = {
			isa = PBXGroup;
			children = (
				84D3B0372B34D71800288B39 /* CheckMe.app */,
			);
			name = Products;
			sourceTree = "<group>";
		};
		84D3B0392B34D71800288B39 /* CheckMe */ = {
			isa = PBXGroup;
			children = (
				84690D392B357DF800D89275 /* App */,
				84690D3D2B357EA800D89275 /* Views */,
				84690D3A2B357DFE00D89275 /* Components */,
				84690D3C2B357E6200D89275 /* Resources */,
				84D3B0402B34D71900288B39 /* Preview Content */,
			);
			path = CheckMe;
			sourceTree = "<group>";
		};
		84D3B0402B34D71900288B39 /* Preview Content */ = {
			isa = PBXGroup;
			children = (
				84D1078B2B35C57F00E88FA4 /* UISliderRepresentation.swift */,
				84D1078D2B35C58700E88FA4 /* UISliderRepresentation.swift */,
				84D3B0412B34D71900288B39 /* Preview Assets.xcassets */,
			);
			path = "Preview Content";
			sourceTree = "<group>";
		};
/* End PBXGroup section */

/* Begin PBXNativeTarget section */
		84D3B0362B34D71800288B39 /* CheckMe */ = {
			isa = PBXNativeTarget;
			buildConfigurationList = 84D3B0452B34D71900288B39 /* Build configuration list for PBXNativeTarget "CheckMe" */;
			buildPhases = (
				84D3B0332B34D71800288B39 /* Sources */,
				84D3B0342B34D71800288B39 /* Frameworks */,
				84D3B0352B34D71800288B39 /* Resources */,
			);
			buildRules = (
			);
			dependencies = (
			);
			name = CheckMe;
			productName = CheckMe;
			productReference = 84D3B0372B34D71800288B39 /* CheckMe.app */;
			productType = "com.apple.product-type.application";
		};
/* End PBXNativeTarget section */

/* Begin PBXProject section */
		84D3B02F2B34D71800288B39 /* Project object */ = {
			isa = PBXProject;
			attributes = {
				BuildIndependentTargetsInParallel = 1;
				LastSwiftUpdateCheck = 1510;
				LastUpgradeCheck = 1510;
				TargetAttributes = {
					84D3B0362B34D71800288B39 = {
						CreatedOnToolsVersion = 15.1;
					};
				};
			};
			buildConfigurationList = 84D3B0322B34D71800288B39 /* Build configuration list for PBXProject "CheckMe" */;
			compatibilityVersion = "Xcode 14.0";
			developmentRegion = en;
			hasScannedForEncodings = 0;
			knownRegions = (
				en,
				Base,
			);
			mainGroup = 84D3B02E2B34D71800288B39;
			productRefGroup = 84D3B0382B34D71800288B39 /* Products */;
			projectDirPath = "";
			projectRoot = "";
			targets = (
				84D3B0362B34D71800288B39 /* CheckMe */,
			);
		};
/* End PBXProject section */

/* Begin PBXResourcesBuildPhase section */
		84D3B0352B34D71800288B39 /* Resources */ = {
			isa = PBXResourcesBuildPhase;
			buildActionMask = 2147483647;
			files = (
				84D3B0422B34D71900288B39 /* Preview Assets.xcassets in Resources */,
				84D3B03F2B34D71900288B39 /* Assets.xcassets in Resources */,
			);
			runOnlyForDeploymentPostprocessing = 0;
		};
/* End PBXResourcesBuildPhase section */

/* Begin PBXSourcesBuildPhase section */
		84D3B0332B34D71800288B39 /* Sources */ = {
			isa = PBXSourcesBuildPhase;
			buildActionMask = 2147483647;
			files = (
				84D3B03D2B34D71800288B39 /* ContentView.swift in Sources */,
				84D3B03B2B34D71800288B39 /* CheckMeApp.swift in Sources */,
				84D1079B2B36BE5900E88FA4 /* Strings.swift in Sources */,
				84D107982B35E43800E88FA4 /* Coordinator.swift in Sources */,
				84D107942B35D8A200E88FA4 /* UISliderRepresentation.swift in Sources */,
			);
			runOnlyForDeploymentPostprocessing = 0;
		};
/* End PBXSourcesBuildPhase section */

/* Begin XCBuildConfiguration section */
		84D3B0432B34D71900288B39 /* Debug */ = {
			isa = XCBuildConfiguration;
			buildSettings = {
				ALWAYS_SEARCH_USER_PATHS = NO;
				ASSETCATALOG_COMPILER_GENERATE_SWIFT_ASSET_SYMBOL_EXTENSIONS = YES;
				CLANG_ANALYZER_NONNULL = YES;
				CLANG_ANALYZER_NUMBER_OBJECT_CONVERSION = YES_AGGRESSIVE;
				CLANG_CXX_LANGUAGE_STANDARD = "gnu++20";
				CLANG_ENABLE_MODULES = YES;
				CLANG_ENABLE_OBJC_ARC = YES;
				CLANG_ENABLE_OBJC_WEAK = YES;
				CLANG_WARN_BLOCK_CAPTURE_AUTORELEASING = YES;
				CLANG_WARN_BOOL_CONVERSION = YES;
				CLANG_WARN_COMMA = YES;
				CLANG_WARN_CONSTANT_CONVERSION = YES;
				CLANG_WARN_DEPRECATED_OBJC_IMPLEMENTATIONS = YES;
				CLANG_WARN_DIRECT_OBJC_ISA_USAGE = YES_ERROR;
				CLANG_WARN_DOCUMENTATION_COMMENTS = YES;
				CLANG_WARN_EMPTY_BODY = YES;
				CLANG_WARN_ENUM_CONVERSION = YES;
				CLANG_WARN_INFINITE_RECURSION = YES;
				CLANG_WARN_INT_CONVERSION = YES;
				CLANG_WARN_NON_LITERAL_NULL_CONVERSION = YES;
				CLANG_WARN_OBJC_IMPLICIT_RETAIN_SELF = YES;
				CLANG_WARN_OBJC_LITERAL_CONVERSION = YES;
				CLANG_WARN_OBJC_ROOT_CLASS = YES_ERROR;
				CLANG_WARN_QUOTED_INCLUDE_IN_FRAMEWORK_HEADER = YES;
				CLANG_WARN_RANGE_LOOP_ANALYSIS = YES;
				CLANG_WARN_STRICT_PROTOTYPES = YES;
				CLANG_WARN_SUSPICIOUS_MOVE = YES;
				CLANG_WARN_UNGUARDED_AVAILABILITY = YES_AGGRESSIVE;
				CLANG_WARN_UNREACHABLE_CODE = YES;
				CLANG_WARN__DUPLICATE_METHOD_MATCH = YES;
				COPY_PHASE_STRIP = NO;
				DEBUG_INFORMATION_FORMAT = dwarf;
				ENABLE_STRICT_OBJC_MSGSEND = YES;
				ENABLE_TESTABILITY = YES;
				ENABLE_USER_SCRIPT_SANDBOXING = YES;
				GCC_C_LANGUAGE_STANDARD = gnu17;
				GCC_DYNAMIC_NO_PIC = NO;
				GCC_NO_COMMON_BLOCKS = YES;
				GCC_OPTIMIZATION_LEVEL = 0;
				GCC_PREPROCESSOR_DEFINITIONS = (
					"DEBUG=1",
					"$(inherited)",
				);
				GCC_WARN_64_TO_32_BIT_CONVERSION = YES;
				GCC_WARN_ABOUT_RETURN_TYPE = YES_ERROR;
				GCC_WARN_UNDECLARED_SELECTOR = YES;
				GCC_WARN_UNINITIALIZED_AUTOS = YES_AGGRESSIVE;
				GCC_WARN_UNUSED_FUNCTION = YES;
				GCC_WARN_UNUSED_VARIABLE = YES;
				IPHONEOS_DEPLOYMENT_TARGET = 17.2;
				LOCALIZATION_PREFERS_STRING_CATALOGS = YES;
				MTL_ENABLE_DEBUG_INFO = INCLUDE_SOURCE;
				MTL_FAST_MATH = YES;
				ONLY_ACTIVE_ARCH = YES;
				SDKROOT = iphoneos;
				SWIFT_ACTIVE_COMPILATION_CONDITIONS = "DEBUG $(inherited)";
				SWIFT_OPTIMIZATION_LEVEL = "-Onone";
			};
			name = Debug;
		};
		84D3B0442B34D71900288B39 /* Release */ = {
			isa = XCBuildConfiguration;
			buildSettings = {
				ALWAYS_SEARCH_USER_PATHS = NO;
				ASSETCATALOG_COMPILER_GENERATE_SWIFT_ASSET_SYMBOL_EXTENSIONS = YES;
				CLANG_ANALYZER_NONNULL = YES;
				CLANG_ANALYZER_NUMBER_OBJECT_CONVERSION = YES_AGGRESSIVE;
				CLANG_CXX_LANGUAGE_STANDARD = "gnu++20";
				CLANG_ENABLE_MODULES = YES;
				CLANG_ENABLE_OBJC_ARC = YES;
				CLANG_ENABLE_OBJC_WEAK = YES;
				CLANG_WARN_BLOCK_CAPTURE_AUTORELEASING = YES;
				CLANG_WARN_BOOL_CONVERSION = YES;
				CLANG_WARN_COMMA = YES;
				CLANG_WARN_CONSTANT_CONVERSION = YES;
				CLANG_WARN_DEPRECATED_OBJC_IMPLEMENTATIONS = YES;
				CLANG_WARN_DIRECT_OBJC_ISA_USAGE = YES_ERROR;
				CLANG_WARN_DOCUMENTATION_COMMENTS = YES;
				CLANG_WARN_EMPTY_BODY = YES;
				CLANG_WARN_ENUM_CONVERSION = YES;
				CLANG_WARN_INFINITE_RECURSION = YES;
				CLANG_WARN_INT_CONVERSION = YES;
				CLANG_WARN_NON_LITERAL_NULL_CONVERSION = YES;
				CLANG_WARN_OBJC_IMPLICIT_RETAIN_SELF = YES;
				CLANG_WARN_OBJC_LITERAL_CONVERSION = YES;
				CLANG_WARN_OBJC_ROOT_CLASS = YES_ERROR;
				CLANG_WARN_QUOTED_INCLUDE_IN_FRAMEWORK_HEADER = YES;
				CLANG_WARN_RANGE_LOOP_ANALYSIS = YES;
				CLANG_WARN_STRICT_PROTOTYPES = YES;
				CLANG_WARN_SUSPICIOUS_MOVE = YES;
				CLANG_WARN_UNGUARDED_AVAILABILITY = YES_AGGRESSIVE;
				CLANG_WARN_UNREACHABLE_CODE = YES;
				CLANG_WARN__DUPLICATE_METHOD_MATCH = YES;
				COPY_PHASE_STRIP = NO;
				DEBUG_INFORMATION_FORMAT = "dwarf-with-dsym";
				ENABLE_NS_ASSERTIONS = NO;
				ENABLE_STRICT_OBJC_MSGSEND = YES;
				ENABLE_USER_SCRIPT_SANDBOXING = YES;
				GCC_C_LANGUAGE_STANDARD = gnu17;
				GCC_NO_COMMON_BLOCKS = YES;
				GCC_WARN_64_TO_32_BIT_CONVERSION = YES;
				GCC_WARN_ABOUT_RETURN_TYPE = YES_ERROR;
				GCC_WARN_UNDECLARED_SELECTOR = YES;
				GCC_WARN_UNINITIALIZED_AUTOS = YES_AGGRESSIVE;
				GCC_WARN_UNUSED_FUNCTION = YES;
				GCC_WARN_UNUSED_VARIABLE = YES;
				IPHONEOS_DEPLOYMENT_TARGET = 17.2;
				LOCALIZATION_PREFERS_STRING_CATALOGS = YES;
				MTL_ENABLE_DEBUG_INFO = NO;
				MTL_FAST_MATH = YES;
				SDKROOT = iphoneos;
				SWIFT_COMPILATION_MODE = wholemodule;
				VALIDATE_PRODUCT = YES;
			};
			name = Release;
		};
		84D3B0462B34D71900288B39 /* Debug */ = {
			isa = XCBuildConfiguration;
			buildSettings = {
				ASSETCATALOG_COMPILER_APPICON_NAME = AppIcon;
				ASSETCATALOG_COMPILER_GLOBAL_ACCENT_COLOR_NAME = AccentColor;
				CODE_SIGN_STYLE = Automatic;
				CURRENT_PROJECT_VERSION = 1;
				DEVELOPMENT_ASSET_PATHS = "\"CheckMe/Preview Content\"";
				DEVELOPMENT_TEAM = 4MPQBSCSP9;
				ENABLE_PREVIEWS = YES;
				GENERATE_INFOPLIST_FILE = YES;
				INFOPLIST_KEY_UIApplicationSceneManifest_Generation = YES;
				INFOPLIST_KEY_UIApplicationSupportsIndirectInputEvents = YES;
				INFOPLIST_KEY_UILaunchScreen_Generation = YES;
				INFOPLIST_KEY_UISupportedInterfaceOrientations_iPad = "UIInterfaceOrientationPortrait UIInterfaceOrientationPortraitUpsideDown UIInterfaceOrientationLandscapeLeft UIInterfaceOrientationLandscapeRight";
				INFOPLIST_KEY_UISupportedInterfaceOrientations_iPhone = "UIInterfaceOrientationPortrait UIInterfaceOrientationLandscapeLeft UIInterfaceOrientationLandscapeRight";
				LD_RUNPATH_SEARCH_PATHS = (
					"$(inherited)",
					"@executable_path/Frameworks",
				);
				MARKETING_VERSION = 1.0;
				PRODUCT_BUNDLE_IDENTIFIER = "Tim-Halli.CheckMe";
				PRODUCT_NAME = "$(TARGET_NAME)";
				SWIFT_EMIT_LOC_STRINGS = YES;
				SWIFT_VERSION = 5.0;
				TARGETED_DEVICE_FAMILY = "1,2";
			};
			name = Debug;
		};
		84D3B0472B34D71900288B39 /* Release */ = {
			isa = XCBuildConfiguration;
			buildSettings = {
				ASSETCATALOG_COMPILER_APPICON_NAME = AppIcon;
				ASSETCATALOG_COMPILER_GLOBAL_ACCENT_COLOR_NAME = AccentColor;
				CODE_SIGN_STYLE = Automatic;
				CURRENT_PROJECT_VERSION = 1;
				DEVELOPMENT_ASSET_PATHS = "\"CheckMe/Preview Content\"";
				DEVELOPMENT_TEAM = 4MPQBSCSP9;
				ENABLE_PREVIEWS = YES;
				GENERATE_INFOPLIST_FILE = YES;
				INFOPLIST_KEY_UIApplicationSceneManifest_Generation = YES;
				INFOPLIST_KEY_UIApplicationSupportsIndirectInputEvents = YES;
				INFOPLIST_KEY_UILaunchScreen_Generation = YES;
				INFOPLIST_KEY_UISupportedInterfaceOrientations_iPad = "UIInterfaceOrientationPortrait UIInterfaceOrientationPortraitUpsideDown UIInterfaceOrientationLandscapeLeft UIInterfaceOrientationLandscapeRight";
				INFOPLIST_KEY_UISupportedInterfaceOrientations_iPhone = "UIInterfaceOrientationPortrait UIInterfaceOrientationLandscapeLeft UIInterfaceOrientationLandscapeRight";
				LD_RUNPATH_SEARCH_PATHS = (
					"$(inherited)",
					"@executable_path/Frameworks",
				);
				MARKETING_VERSION = 1.0;
				PRODUCT_BUNDLE_IDENTIFIER = "Tim-Halli.CheckMe";
				PRODUCT_NAME = "$(TARGET_NAME)";
				SWIFT_EMIT_LOC_STRINGS = YES;
				SWIFT_VERSION = 5.0;
				TARGETED_DEVICE_FAMILY = "1,2";
			};
			name = Release;
		};
/* End XCBuildConfiguration section */

/* Begin XCConfigurationList section */
		84D3B0322B34D71800288B39 /* Build configuration list for PBXProject "CheckMe" */ = {
			isa = XCConfigurationList;
			buildConfigurations = (
				84D3B0432B34D71900288B39 /* Debug */,
				84D3B0442B34D71900288B39 /* Release */,
			);
			defaultConfigurationIsVisible = 0;
			defaultConfigurationName = Release;
		};
		84D3B0452B34D71900288B39 /* Build configuration list for PBXNativeTarget "CheckMe" */ = {
			isa = XCConfigurationList;
			buildConfigurations = (
				84D3B0462B34D71900288B39 /* Debug */,
				84D3B0472B34D71900288B39 /* Release */,
			);
			defaultConfigurationIsVisible = 0;
			defaultConfigurationName = Release;
		};
/* End XCConfigurationList section */
	};
	rootObject = 84D3B02F2B34D71800288B39 /* Project object */;
}
